// !$*UTF8*$!
{
	archiveVersion = 1;
	classes = {
	};
	objectVersion = 46;
	objects = {

/* Begin PBXBuildFile section */
		4DBB36071F41F460009701F0 /* AppDelegate.swift in Sources */ = {isa = PBXBuildFile; fileRef = 4DBB36061F41F460009701F0 /* AppDelegate.swift */; };
		4DBB36091F41F460009701F0 /* ViewController.swift in Sources */ = {isa = PBXBuildFile; fileRef = 4DBB36081F41F460009701F0 /* ViewController.swift */; };
		4DBB360C1F41F460009701F0 /* Main.storyboard in Resources */ = {isa = PBXBuildFile; fileRef = 4DBB360A1F41F460009701F0 /* Main.storyboard */; };
		4DBB360E1F41F460009701F0 /* Assets.xcassets in Resources */ = {isa = PBXBuildFile; fileRef = 4DBB360D1F41F460009701F0 /* Assets.xcassets */; };
		4DBB36111F41F460009701F0 /* LaunchScreen.storyboard in Resources */ = {isa = PBXBuildFile; fileRef = 4DBB360F1F41F460009701F0 /* LaunchScreen.storyboard */; };
/* End PBXBuildFile section */

/* Begin PBXFileReference section */
		4DBB36031F41F460009701F0 /* TableViewController With Gesture.app */ = {isa = PBXFileReference; explicitFileType = wrapper.application; includeInIndex = 0; path = "TableViewController With Gesture.app"; sourceTree = BUILT_PRODUCTS_DIR; };
		4DBB36061F41F460009701F0 /* AppDelegate.swift */ = {isa = PBXFileReference; lastKnownFileType = sourcecode.swift; path = AppDelegate.swift; sourceTree = "<group>"; };
		4DBB36081F41F460009701F0 /* ViewController.swift */ = {isa = PBXFileReference; lastKnownFileType = sourcecode.swift; path = ViewController.swift; sourceTree = "<group>"; };
		4DBB360B1F41F460009701F0 /* Base */ = {isa = PBXFileReference; lastKnownFileType = file.storyboard; name = Base; path = Base.lproj/Main.storyboard; sourceTree = "<group>"; };
		4DBB360D1F41F460009701F0 /* Assets.xcassets */ = {isa = PBXFileReference; lastKnownFileType = folder.assetcatalog; path = Assets.xcassets; sourceTree = "<group>"; };
		4DBB36101F41F460009701F0 /* Base */ = {isa = PBXFileReference; lastKnownFileType = file.storyboard; name = Base; path = Base.lproj/LaunchScreen.storyboard; sourceTree = "<group>"; };
		4DBB36121F41F460009701F0 /* Info.plist */ = {isa = PBXFileReference; lastKnownFileType = text.plist.xml; path = Info.plist; sourceTree = "<group>"; };
/* End PBXFileReference section */

/* Begin PBXFrameworksBuildPhase section */
		4DBB36001F41F460009701F0 /* Frameworks */ = {
			isa = PBXFrameworksBuildPhase;
			buildActionMask = 2147483647;
			files = (
			);
			runOnlyForDeploymentPostprocessing = 0;
		};
/* End PBXFrameworksBuildPhase section */

/* Begin PBXGroup section */
		4DBB35FA1F41F460009701F0 = {
			isa = PBXGroup;
			children = (
				4DBB36051F41F460009701F0 /* TableViewController With Gesture */,
				4DBB36041F41F460009701F0 /* Products */,
			);
			sourceTree = "<group>";
		};
		4DBB36041F41F460009701F0 /* Products */ = {
			isa = PBXGroup;
			children = (
				4DBB36031F41F460009701F0 /* TableViewController With Gesture.app */,
			);
			name = Products;
			sourceTree = "<group>";
		};
		4DBB36051F41F460009701F0 /* TableViewController With Gesture */ = {
			isa = PBXGroup;
			children = (
				4DBB36061F41F460009701F0 /* AppDelegate.swift */,
				4DBB36081F41F460009701F0 /* ViewController.swift */,
				4DBB360A1F41F460009701F0 /* Main.storyboard */,
				4DBB360D1F41F460009701F0 /* Assets.xcassets */,
				4DBB360F1F41F460009701F0 /* LaunchScreen.storyboard */,
				4DBB36121F41F460009701F0 /* Info.plist */,
			);
			path = "TableViewController With Gesture";
			sourceTree = "<group>";
		};
/* End PBXGroup section */

/* Begin PBXNativeTarget section */
		4DBB36021F41F460009701F0 /* TableViewController With Gesture */ = {
			isa = PBXNativeTarget;
			buildConfigurationList = 4DBB36151F41F460009701F0 /* Build configuration list for PBXNativeTarget "TableViewController With Gesture" */;
			buildPhases = (
				4DBB35FF1F41F460009701F0 /* Sources */,
				4DBB36001F41F460009701F0 /* Frameworks */,
				4DBB36011F41F460009701F0 /* Resources */,
			);
			buildRules = (
			);
			dependencies = (
			);
			name = "TableViewController With Gesture";
			productName = "TableViewController With Gesture";
			productReference = 4DBB36031F41F460009701F0 /* TableViewController With Gesture.app */;
			productType = "com.apple.product-type.application";
		};
/* End PBXNativeTarget section */

/* Begin PBXProject section */
		4DBB35FB1F41F460009701F0 /* Project object */ = {
			isa = PBXProject;
			attributes = {
				LastSwiftUpdateCheck = 0830;
				LastUpgradeCheck = 0830;
				ORGANIZATIONNAME = evenwerk;
				TargetAttributes = {
					4DBB36021F41F460009701F0 = {
						CreatedOnToolsVersion = 8.3.3;
						DevelopmentTeam = NBU39L2QEJ;
						ProvisioningStyle = Automatic;
					};
				};
			};
			buildConfigurationList = 4DBB35FE1F41F460009701F0 /* Build configuration list for PBXProject "TableViewController With Gesture" */;
			compatibilityVersion = "Xcode 3.2";
			developmentRegion = English;
			hasScannedForEncodings = 0;
			knownRegions = (
				en,
				Base,
			);
			mainGroup = 4DBB35FA1F41F460009701F0;
			productRefGroup = 4DBB36041F41F460009701F0 /* Products */;
			projectDirPath = "";
			projectRoot = "";
			targets = (
				4DBB36021F41F460009701F0 /* TableViewController With Gesture */,
			);
		};
/* End PBXProject section */

/* Begin PBXResourcesBuildPhase section */
		4DBB36011F41F460009701F0 /* Resources */ = {
			isa = PBXResourcesBuildPhase;
			buildActionMask = 2147483647;
			files = (
				4DBB36111F41F460009701F0 /* LaunchScreen.storyboard in Resources */,
				4DBB360E1F41F460009701F0 /* Assets.xcassets in Resources */,
				4DBB360C1F41F460009701F0 /* Main.storyboard in Resources */,
			);
			runOnlyForDeploymentPostprocessing = 0;
		};
/* End PBXResourcesBuildPhase section */

/* Begin PBXSourcesBuildPhase section */
		4DBB35FF1F41F460009701F0 /* Sources */ = {
			isa = PBXSourcesBuildPhase;
			buildActionMask = 2147483647;
			files = (
				4DBB36091F41F460009701F0 /* ViewController.swift in Sources */,
				4DBB36071F41F460009701F0 /* AppDelegate.swift in Sources */,
			);
			runOnlyForDeploymentPostprocessing = 0;
		};
/* End PBXSourcesBuildPhase section */

/* Begin PBXVariantGroup section */
		4DBB360A1F41F460009701F0 /* Main.storyboard */ = {
			isa = PBXVariantGroup;
			children = (
				4DBB360B1F41F460009701F0 /* Base */,
			);
			name = Main.storyboard;
			sourceTree = "<group>";
		};
		4DBB360F1F41F460009701F0 /* LaunchScreen.storyboard */ = {
			isa = PBXVariantGroup;
			children = (
				4DBB36101F41F460009701F0 /* Base */,
			);
			name = LaunchScreen.storyboard;
			sourceTree = "<group>";
		};
/* End PBXVariantGroup section */

/* Begin XCBuildConfiguration section */
		4DBB36131F41F460009701F0 /* Debug */ = {
			isa = XCBuildConfiguration;
			buildSettings = {
				ALWAYS_SEARCH_USER_PATHS = NO;
				CLANG_ANALYZER_NONNULL = YES;
				CLANG_ANALYZER_NUMBER_OBJECT_CONVERSION = YES_AGGRESSIVE;
				CLANG_CXX_LANGUAGE_STANDARD = "gnu++0x";
				CLANG_CXX_LIBRARY = "libc++";
				CLANG_ENABLE_MODULES = YES;
				CLANG_ENABLE_OBJC_ARC = YES;
				CLANG_WARN_BOOL_CONVERSION = YES;
				CLANG_WARN_CONSTANT_CONVERSION = YES;
				CLANG_WARN_DIRECT_OBJC_ISA_USAGE = YES_ERROR;
				CLANG_WARN_DOCUMENTATION_COMMENTS = YES;
				CLANG_WARN_EMPTY_BODY = YES;
				CLANG_WARN_ENUM_CONVERSION = YES;
				CLANG_WARN_INFINITE_RECURSION = YES;
				CLANG_WARN_INT_CONVERSION = YES;
				CLANG_WARN_OBJC_ROOT_CLASS = YES_ERROR;
				CLANG_WARN_SUSPICIOUS_MOVE = YES;
				CLANG_WARN_UNREACHABLE_CODE = YES;
				CLANG_WARN__DUPLICATE_METHOD_MATCH = YES;
				"CODE_SIGN_IDENTITY[sdk=iphoneos*]" = "iPhone Developer";
				COPY_PHASE_STRIP = NO;
				DEBUG_INFORMATION_FORMAT = dwarf;
				ENABLE_STRICT_OBJC_MSGSEND = YES;
				ENABLE_TESTABILITY = YES;
				GCC_C_LANGUAGE_STANDARD = gnu99;
				GCC_DYNAMIC_NO_PIC = NO;
				GCC_NO_COMMON_BLOCKS = YES;
				GCC_OPTIMIZATION_LEVEL = 0;
				GCC_PREPROCESSOR_DEFINITIONS = (
					"DEBUG=1",
					"$(inherited)",
				);
				GCC_WARN_64_TO_32_BIT_CONVERSION = YES;
				GCC_WARN_ABOUT_RETURN_TYPE = YES_ERROR;
				GCC_WARN_UNDECLARED_SELECTOR = YES;
				GCC_WARN_UNINITIALIZED_AUTOS = YES_AGGRESSIVE;
				GCC_WARN_UNUSED_FUNCTION = YES;
				GCC_WARN_UNUSED_VARIABLE = YES;
				IPHONEOS_DEPLOYMENT_TARGET = 10.3;
				MTL_ENABLE_DEBUG_INFO = YES;
				ONLY_ACTIVE_ARCH = YES;
				SDKROOT = iphoneos;
				SWIFT_ACTIVE_COMPILATION_CONDITIONS = DEBUG;
				SWIFT_OPTIMIZATION_LEVEL = "-Onone";
				TARGETED_DEVICE_FAMILY = "1,2";
			};
			name = Debug;
		};
		4DBB36141F41F460009701F0 /* Release */ = {
			isa = XCBuildConfiguration;
			buildSettings = {
				ALWAYS_SEARCH_USER_PATHS = NO;
				CLANG_ANALYZER_NONNULL = YES;
				CLANG_ANALYZER_NUMBER_OBJECT_CONVERSION = YES_AGGRESSIVE;
				CLANG_CXX_LANGUAGE_STANDARD = "gnu++0x";
				CLANG_CXX_LIBRARY = "libc++";
				CLANG_ENABLE_MODULES = YES;
				CLANG_ENABLE_OBJC_ARC = YES;
				CLANG_WARN_BOOL_CONVERSION = YES;
				CLANG_WARN_CONSTANT_CONVERSION = YES;
				CLANG_WARN_DIRECT_OBJC_ISA_USAGE = YES_ERROR;
				CLANG_WARN_DOCUMENTATION_COMMENTS = YES;
				CLANG_WARN_EMPTY_BODY = YES;
				CLANG_WARN_ENUM_CONVERSION = YES;
				CLANG_WARN_INFINITE_RECURSION = YES;
				CLANG_WARN_INT_CONVERSION = YES;
				CLANG_WARN_OBJC_ROOT_CLASS = YES_ERROR;
				CLANG_WARN_SUSPICIOUS_MOVE = YES;
				CLANG_WARN_UNREACHABLE_CODE = YES;
				CLANG_WARN__DUPLICATE_METHOD_MATCH = YES;
				"CODE_SIGN_IDENTITY[sdk=iphoneos*]" = "iPhone Developer";
				COPY_PHASE_STRIP = NO;
				DEBUG_INFORMATION_FORMAT = "dwarf-with-dsym";
				ENABLE_NS_ASSERTIONS = NO;
				ENABLE_STRICT_OBJC_MSGSEND = YES;
				GCC_C_LANGUAGE_STANDARD = gnu99;
				GCC_NO_COMMON_BLOCKS = YES;
				GCC_WARN_64_TO_32_BIT_CONVERSION = YES;
				GCC_WARN_ABOUT_RETURN_TYPE = YES_ERROR;
				GCC_WARN_UNDECLARED_SELECTOR = YES;
				GCC_WARN_UNINITIALIZED_AUTOS = YES_AGGRESSIVE;
				GCC_WARN_UNUSED_FUNCTION = YES;
				GCC_WARN_UNUSED_VARIABLE = YES;
				IPHONEOS_DEPLOYMENT_TARGET = 10.3;
				MTL_ENABLE_DEBUG_INFO = NO;
				SDKROOT = iphoneos;
				SWIFT_OPTIMIZATION_LEVEL = "-Owholemodule";
				TARGETED_DEVICE_FAMILY = "1,2";
				VALIDATE_PRODUCT = YES;
			};
			name = Release;
		};
		4DBB36161F41F460009701F0 /* Debug */ = {
			isa = XCBuildConfiguration;
			buildSettings = {
				ASSETCATALOG_COMPILER_APPICON_NAME = AppIcon;
				DEVELOPMENT_TEAM = NBU39L2QEJ;
				INFOPLIST_FILE = "TableViewController With Gesture/Info.plist";
				LD_RUNPATH_SEARCH_PATHS = "$(inherited) @executable_path/Frameworks";
				PRODUCT_BUNDLE_IDENTIFIER = "com.evenwerk.TableViewController-With-Gesture";
				PRODUCT_NAME = "$(TARGET_NAME)";
				SWIFT_VERSION = 3.0;
			};
			name = Debug;
		};
		4DBB36171F41F460009701F0 /* Release */ = {
			isa = XCBuildConfiguration;
			buildSettings = {
				ASSETCATALOG_COMPILER_APPICON_NAME = AppIcon;
				DEVELOPMENT_TEAM = NBU39L2QEJ;
				INFOPLIST_FILE = "TableViewController With Gesture/Info.plist";
				LD_RUNPATH_SEARCH_PATHS = "$(inherited) @executable_path/Frameworks";
				PRODUCT_BUNDLE_IDENTIFIER = "com.evenwerk.TableViewController-With-Gesture";
				PRODUCT_NAME = "$(TARGET_NAME)";
				SWIFT_VERSION = 3.0;
			};
			name = Release;
		};
/* End XCBuildConfiguration section */

/* Begin XCConfigurationList section */
		4DBB35FE1F41F460009701F0 /* Build configuration list for PBXProject "TableViewController With Gesture" */ = {
			isa = XCConfigurationList;
			buildConfigurations = (
				4DBB36131F41F460009701F0 /* Debug */,
				4DBB36141F41F460009701F0 /* Release */,
			);
			defaultConfigurationIsVisible = 0;
			defaultConfigurationName = Release;
		};
		4DBB36151F41F460009701F0 /* Build configuration list for PBXNativeTarget "TableViewController With Gesture" */ = {
			isa = XCConfigurationList;
			buildConfigurations = (
				4DBB36161F41F460009701F0 /* Debug */,
				4DBB36171F41F460009701F0 /* Release */,
			);
			defaultConfigurationIsVisible = 0;
		};
/* End XCConfigurationList section */
	};
	rootObject = 4DBB35FB1F41F460009701F0 /* Project object */;
}
